
Microsoft Visual Studio Solution File, Format Version 12.00
# Visual Studio Version 17
VisualStudioVersion = 17.14.36310.24
MinimumVisualStudioVersion = 10.0.40219.1
Project("{FAE04EC0-301F-11D3-BF4B-00C04F79EFBC}") = "CinemaFanShop", "CinemaFanShop\CinemaFanShop.csproj", "{A972EDEC-02E7-4713-B2CE-996D5D934356}"
EndProject
Project("{FAE04EC0-301F-11D3-BF4B-00C04F79EFBC}") = "CinemaFanShop.Infrastructure", "CinemaFanShop.Infrastructure\CinemaFanShop.Infrastructure.csproj", "{A86DDB56-A652-47E5-AF4A-48293597B48B}"
EndProject
Global
	GlobalSection(SolutionConfigurationPlatforms) = preSolution
		Debug|Any CPU = Debug|Any CPU
		Release|Any CPU = Release|Any CPU
	EndGlobalSection
	GlobalSection(ProjectConfigurationPlatforms) = postSolution
		{A972EDEC-02E7-4713-B2CE-996D5D934356}.Debug|Any CPU.ActiveCfg = Debug|Any CPU
		{A972EDEC-02E7-4713-B2CE-996D5D934356}.Debug|Any CPU.Build.0 = Debug|Any CPU
		{A972EDEC-02E7-4713-B2CE-996D5D934356}.Release|Any CPU.ActiveCfg = Release|Any CPU
		{A972EDEC-02E7-4713-B2CE-996D5D934356}.Release|Any CPU.Build.0 = Release|Any CPU
		{A86DDB56-A652-47E5-AF4A-48293597B48B}.Debug|Any CPU.ActiveCfg = Debug|Any CPU
		{A86DDB56-A652-47E5-AF4A-48293597B48B}.Debug|Any CPU.Build.0 = Debug|Any CPU
		{A86DDB56-A652-47E5-AF4A-48293597B48B}.Release|Any CPU.ActiveCfg = Release|Any CPU
		{A86DDB56-A652-47E5-AF4A-48293597B48B}.Release|Any CPU.Build.0 = Release|Any CPU
	EndGlobalSection
	GlobalSection(SolutionProperties) = preSolution
		HideSolutionNode = FALSE
	EndGlobalSection
	GlobalSection(ExtensibilityGlobals) = postSolution
		SolutionGuid = {8512A40D-3197-4921-8451-BEA40DC52FDA}
	EndGlobalSection
EndGlobal
